
Microsoft Visual Studio Solution File, Format Version 12.00
# Visual Studio Version 17
VisualStudioVersion = 17.5.33414.496
MinimumVisualStudioVersion = 10.0.40219.1
Project("{FAE04EC0-301F-11D3-BF4B-00C04F79EFBC}") = "RestWebApplication", "RestWebApplication\RestWebApplication.csproj", "{F81D1A5A-1BA5-4939-BA78-579A08289D99}"
EndProject
Global
	GlobalSection(SolutionConfigurationPlatforms) = preSolution
		Debug|Any CPU = Debug|Any CPU
		Release|Any CPU = Release|Any CPU
	EndGlobalSection
	GlobalSection(ProjectConfigurationPlatforms) = postSolution
		{F81D1A5A-1BA5-4939-BA78-579A08289D99}.Debug|Any CPU.ActiveCfg = Debug|Any CPU
		{F81D1A5A-1BA5-4939-BA78-579A08289D99}.Debug|Any CPU.Build.0 = Debug|Any CPU
		{F81D1A5A-1BA5-4939-BA78-579A08289D99}.Release|Any CPU.ActiveCfg = Release|Any CPU
		{F81D1A5A-1BA5-4939-BA78-579A08289D99}.Release|Any CPU.Build.0 = Release|Any CPU
	EndGlobalSection
	GlobalSection(SolutionProperties) = preSolution
		HideSolutionNode = FALSE
	EndGlobalSection
	GlobalSection(ExtensibilityGlobals) = postSolution
		SolutionGuid = {16452106-A805-43A8-9A3C-96CD5E3419F6}
	EndGlobalSection
EndGlobal
